{
  "name": "hypha-demo-emails",
  "version": "1.0.0",
  "lockfileVersion": 1,
  "requires": true,
  "dependencies": {
    "argo": {
      "version": "1.0.1",
      "resolved": "https://registry.npmjs.org/argo/-/argo-1.0.1.tgz",
      "integrity": "sha1-DUEBswxoVlMRKe/nZKlgjnalw/o=",
      "requires": {
        "methods": "~0.1.0",
        "pipeworks": "1.3.x"
      }
    },
    "methods": {
      "version": "0.1.0",
      "resolved": "https://registry.npmjs.org/methods/-/methods-0.1.0.tgz",
      "integrity": "sha1-M11Cnu/SG3us8unJIqjSvRSjDk8="
    },
    "pipeworks": {
      "version": "1.3.1",
      "resolved": "https://registry.npmjs.org/pipeworks/-/pipeworks-1.3.1.tgz",
      "integrity": "sha1-+ENvhWXtHZe/OoBjKlOXv9NTOF8="
    }
  }
}
